<?xml version="1.0" encoding="utf-8"?>
<Project ToolsVersion="4.0" xmlns="http://schemas.microsoft.com/developer/msbuild/2003">
  <ItemGroup>
    <Filter Include="GameEngine">
      <UniqueIdentifier>{d5610a26-079d-436f-bb6f-245b1d6e9a5d}</UniqueIdentifier>
    </Filter>
    <Filter Include="GameObjects">
      <UniqueIdentifier>{947f43f2-6bf7-4474-a702-c133b54ef1d2}</UniqueIdentifier>
    </Filter>
    <Filter Include="GameEngine\GameApp">
      <UniqueIdentifier>{f8abd642-3087-46a7-8c2a-afca89c12b1c}</UniqueIdentifier>
    </Filter>
    <Filter Include="GameEngine\Config">
      <UniqueIdentifier>{83cb192c-9361-40e7-b739-b3f82a0a00b2}</UniqueIdentifier>
    </Filter>
    <Filter Include="GameEngine\Main">
      <UniqueIdentifier>{237a3952-b00c-4d87-924f-eeb20412ba56}</UniqueIdentifier>
    </Filter>
    <Filter Include="GameEngine\StateManager">
      <UniqueIdentifier>{e43580a5-b5cc-4503-ab47-6addb6d8877d}</UniqueIdentifier>
    </Filter>
    <Filter Include="GameObjects\States">
      <UniqueIdentifier>{f753200f-cd56-4724-8125-41ea6e6163f5}</UniqueIdentifier>
    </Filter>
    <Filter Include="GameObjects\MauMau">
      <UniqueIdentifier>{0cceba62-6ec7-49ea-8142-0eb31ad749de}</UniqueIdentifier>
    </Filter>
    <Filter Include="GameEngine\TextureManager">
      <UniqueIdentifier>{7a6b9790-c3ee-408f-99a5-0d816fed0f1e}</UniqueIdentifier>
    </Filter>
    <Filter Include="GameObjects\AI">
      <UniqueIdentifier>{6f55bde3-578e-436a-9261-93845c5f5760}</UniqueIdentifier>
    </Filter>
    <Filter Include="GameObjects\States\Menu">
      <UniqueIdentifier>{98c0c109-76e6-4087-8c54-2f8e9d8751fc}</UniqueIdentifier>
    </Filter>
    <Filter Include="GameObjects\States\SP">
      <UniqueIdentifier>{41f888c7-5c85-4695-9db4-657c13238125}</UniqueIdentifier>
    </Filter>
    <Filter Include="GameObjects\States\MP">
      <UniqueIdentifier>{bde79962-4933-4aa4-8351-838832aec7b2}</UniqueIdentifier>
    </Filter>
  </ItemGroup>
  <ItemGroup>
    <ClCompile Include="GameApp.cpp">
      <Filter>GameEngine\GameApp</Filter>
    </ClCompile>
    <ClCompile Include="Config.cpp">
      <Filter>GameEngine\Config</Filter>
    </ClCompile>
    <ClCompile Include="MauMauMain.cpp">
      <Filter>GameEngine\Main</Filter>
    </ClCompile>
    <ClCompile Include="StateManager.cpp">
      <Filter>GameEngine\StateManager</Filter>
    </ClCompile>
    <ClCompile Include="TextureManager.cpp">
      <Filter>GameEngine\TextureManager</Filter>
    </ClCompile>
    <ClCompile Include="MainMenuState.cpp">
      <Filter>GameObjects\States\Menu</Filter>
    </ClCompile>
    <ClCompile Include="SingleplayerState.cpp">
      <Filter>GameObjects\States\SP</Filter>
    </ClCompile>
  </ItemGroup>
  <ItemGroup>
    <ClInclude Include="GameApp.h">
      <Filter>GameEngine\GameApp</Filter>
    </ClInclude>
    <ClInclude Include="Config.h">
      <Filter>GameEngine\Config</Filter>
    </ClInclude>
    <ClInclude Include="State.h">
      <Filter>GameEngine\StateManager</Filter>
    </ClInclude>
    <ClInclude Include="StateManager.h">
      <Filter>GameEngine\StateManager</Filter>
    </ClInclude>
    <ClInclude Include="util.h">
      <Filter>GameEngine</Filter>
    </ClInclude>
    <ClInclude Include="TextureManager.h">
      <Filter>GameEngine\TextureManager</Filter>
    </ClInclude>
    <ClInclude Include="IAI.h">
      <Filter>GameObjects\AI</Filter>
    </ClInclude>
    <ClInclude Include="MainMenuState.h">
      <Filter>GameObjects\States\Menu</Filter>
    </ClInclude>
    <ClInclude Include="SingleplayerState.h">
      <Filter>GameObjects\States\SP</Filter>
    </ClInclude>
  </ItemGroup>
</Project>